// !$*UTF8*$!
{
	archiveVersion = 1;
	classes = {
	};
	objectVersion = 46;
	objects = {

/* Begin PBXBuildFile section */
		6860C8D4CD61C4FD8F2FFC20 /* libPods-Blocstagram.a in Frameworks */ = {isa = PBXBuildFile; fileRef = A6F0228DBE4A69BFE7A270C0 /* libPods-Blocstagram.a */; };
		9E28EDA21CC15AE90082A2D7 /* main.m in Sources */ = {isa = PBXBuildFile; fileRef = 9E28EDA11CC15AE90082A2D7 /* main.m */; };
		9E28EDA51CC15AE90082A2D7 /* AppDelegate.m in Sources */ = {isa = PBXBuildFile; fileRef = 9E28EDA41CC15AE90082A2D7 /* AppDelegate.m */; };
		9E28EDAD1CC15AE90082A2D7 /* Assets.xcassets in Resources */ = {isa = PBXBuildFile; fileRef = 9E28EDAC1CC15AE90082A2D7 /* Assets.xcassets */; };
		9E28EDB01CC15AE90082A2D7 /* LaunchScreen.storyboard in Resources */ = {isa = PBXBuildFile; fileRef = 9E28EDAE1CC15AE90082A2D7 /* LaunchScreen.storyboard */; };
		9E28EDD71CC15BD60082A2D7 /* 1.jpg in Resources */ = {isa = PBXBuildFile; fileRef = 9E28EDCD1CC15BD60082A2D7 /* 1.jpg */; };
		9E28EDD81CC15BD60082A2D7 /* 2.jpg in Resources */ = {isa = PBXBuildFile; fileRef = 9E28EDCE1CC15BD60082A2D7 /* 2.jpg */; };
		9E28EDD91CC15BD60082A2D7 /* 3.JPG in Resources */ = {isa = PBXBuildFile; fileRef = 9E28EDCF1CC15BD60082A2D7 /* 3.JPG */; };
		9E28EDDA1CC15BD60082A2D7 /* 4.jpg in Resources */ = {isa = PBXBuildFile; fileRef = 9E28EDD01CC15BD60082A2D7 /* 4.jpg */; };
		9E28EDDB1CC15BD60082A2D7 /* 5.jpg in Resources */ = {isa = PBXBuildFile; fileRef = 9E28EDD11CC15BD60082A2D7 /* 5.jpg */; };
		9E28EDDC1CC15BD60082A2D7 /* 6.jpg in Resources */ = {isa = PBXBuildFile; fileRef = 9E28EDD21CC15BD60082A2D7 /* 6.jpg */; };
		9E28EDDD1CC15BD60082A2D7 /* 7.jpg in Resources */ = {isa = PBXBuildFile; fileRef = 9E28EDD31CC15BD60082A2D7 /* 7.jpg */; };
		9E28EDDE1CC15BD60082A2D7 /* 8.jpg in Resources */ = {isa = PBXBuildFile; fileRef = 9E28EDD41CC15BD60082A2D7 /* 8.jpg */; };
		9E28EDDF1CC15BD60082A2D7 /* 9.jpg in Resources */ = {isa = PBXBuildFile; fileRef = 9E28EDD51CC15BD60082A2D7 /* 9.jpg */; };
		9E28EDE01CC15BD60082A2D7 /* 10.jpg in Resources */ = {isa = PBXBuildFile; fileRef = 9E28EDD61CC15BD60082A2D7 /* 10.jpg */; };
		9E28EDE31CC15C170082A2D7 /* ImagesTableViewController.m in Sources */ = {isa = PBXBuildFile; fileRef = 9E28EDE21CC15C170082A2D7 /* ImagesTableViewController.m */; };
		9E2E0A4C1CFD0C4D00BD8463 /* ComposeCommentView.m in Sources */ = {isa = PBXBuildFile; fileRef = 9E2E0A4B1CFD0C4D00BD8463 /* ComposeCommentView.m */; };
		9E31928C1D04CD640080795F /* CropBox.m in Sources */ = {isa = PBXBuildFile; fileRef = 9E31928B1D04CD640080795F /* CropBox.m */; };
		9E31928F1D04D5470080795F /* CropImageViewController.m in Sources */ = {isa = PBXBuildFile; fileRef = 9E31928E1D04D5470080795F /* CropImageViewController.m */; };
		9E3192921D04DBED0080795F /* ImageLibraryViewController.m in Sources */ = {isa = PBXBuildFile; fileRef = 9E3192911D04DBED0080795F /* ImageLibraryViewController.m */; };
		9E5E47331CFB9D3D0054FA74 /* CircleSpinnerView.m in Sources */ = {isa = PBXBuildFile; fileRef = 9E5E47321CFB9D3D0054FA74 /* CircleSpinnerView.m */; };
		9E5E47391CFBB2290054FA74 /* LikeButton.m in Sources */ = {isa = PBXBuildFile; fileRef = 9E5E47381CFBB2290054FA74 /* LikeButton.m */; };
		9E77228D1CF5F6D600075B42 /* MediaFullScreenViewController.m in Sources */ = {isa = PBXBuildFile; fileRef = 9E77228C1CF5F6D600075B42 /* MediaFullScreenViewController.m */; };
		9EBD68EF1CC2A0FE00176300 /* User.m in Sources */ = {isa = PBXBuildFile; fileRef = 9EBD68EE1CC2A0FE00176300 /* User.m */; };
		9EBD68F21CC2A1B600176300 /* Media.m in Sources */ = {isa = PBXBuildFile; fileRef = 9EBD68F11CC2A1B600176300 /* Media.m */; };
		9EBD68F51CC2A29D00176300 /* Comment.m in Sources */ = {isa = PBXBuildFile; fileRef = 9EBD68F41CC2A29D00176300 /* Comment.m */; };
		9EBD68F81CC2A34C00176300 /* DataSource.m in Sources */ = {isa = PBXBuildFile; fileRef = 9EBD68F71CC2A34C00176300 /* DataSource.m */; };
		9EBD68FB1CC2DACC00176300 /* MediaTableViewCell.m in Sources */ = {isa = PBXBuildFile; fileRef = 9EBD68FA1CC2DACC00176300 /* MediaTableViewCell.m */; };
		9EC0D5401CCA7CE800EADF9B /* LoginViewController.m in Sources */ = {isa = PBXBuildFile; fileRef = 9EC0D53F1CCA7CE800EADF9B /* LoginViewController.m */; };
		9EE953761CFFBAB9009F059B /* CameraViewController.m in Sources */ = {isa = PBXBuildFile; fileRef = 9EE953751CFFBAB9009F059B /* CameraViewController.m */; };
		9EEBB4D01CFF55EC0005DE19 /* CameraToolbar.m in Sources */ = {isa = PBXBuildFile; fileRef = 9EEBB4CF1CFF55EC0005DE19 /* CameraToolbar.m */; };
		9EF28E721D00F49100495690 /* UIImage+ImageUtilities.m in Sources */ = {isa = PBXBuildFile; fileRef = 9EF28E711D00F49100495690 /* UIImage+ImageUtilities.m */; };
/* End PBXBuildFile section */

/* Begin PBXFileReference section */
		736E1EBCCF92FC9382A03378 /* Pods-Blocstagram.debug.xcconfig */ = {isa = PBXFileReference; includeInIndex = 1; lastKnownFileType = text.xcconfig; name = "Pods-Blocstagram.debug.xcconfig"; path = "Pods/Target Support Files/Pods-Blocstagram/Pods-Blocstagram.debug.xcconfig"; sourceTree = "<group>"; };
		9E28ED9D1CC15AE90082A2D7 /* Blocstagram.app */ = {isa = PBXFileReference; explicitFileType = wrapper.application; includeInIndex = 0; path = Blocstagram.app; sourceTree = BUILT_PRODUCTS_DIR; };
		9E28EDA11CC15AE90082A2D7 /* main.m */ = {isa = PBXFileReference; lastKnownFileType = sourcecode.c.objc; path = main.m; sourceTree = "<group>"; };
		9E28EDA31CC15AE90082A2D7 /* AppDelegate.h */ = {isa = PBXFileReference; lastKnownFileType = sourcecode.c.h; path = AppDelegate.h; sourceTree = "<group>"; };
		9E28EDA41CC15AE90082A2D7 /* AppDelegate.m */ = {isa = PBXFileReference; lastKnownFileType = sourcecode.c.objc; path = AppDelegate.m; sourceTree = "<group>"; };
		9E28EDAC1CC15AE90082A2D7 /* Assets.xcassets */ = {isa = PBXFileReference; lastKnownFileType = folder.assetcatalog; path = Assets.xcassets; sourceTree = "<group>"; };
		9E28EDAF1CC15AE90082A2D7 /* Base */ = {isa = PBXFileReference; lastKnownFileType = file.storyboard; name = Base; path = Base.lproj/LaunchScreen.storyboard; sourceTree = "<group>"; };
		9E28EDB11CC15AE90082A2D7 /* Info.plist */ = {isa = PBXFileReference; lastKnownFileType = text.plist.xml; path = Info.plist; sourceTree = "<group>"; };
		9E28EDCD1CC15BD60082A2D7 /* 1.jpg */ = {isa = PBXFileReference; lastKnownFileType = image.jpeg; path = 1.jpg; sourceTree = "<group>"; };
		9E28EDCE1CC15BD60082A2D7 /* 2.jpg */ = {isa = PBXFileReference; lastKnownFileType = image.jpeg; path = 2.jpg; sourceTree = "<group>"; };
		9E28EDCF1CC15BD60082A2D7 /* 3.JPG */ = {isa = PBXFileReference; lastKnownFileType = image.jpeg; path = 3.JPG; sourceTree = "<group>"; };
		9E28EDD01CC15BD60082A2D7 /* 4.jpg */ = {isa = PBXFileReference; lastKnownFileType = image.jpeg; path = 4.jpg; sourceTree = "<group>"; };
		9E28EDD11CC15BD60082A2D7 /* 5.jpg */ = {isa = PBXFileReference; lastKnownFileType = image.jpeg; path = 5.jpg; sourceTree = "<group>"; };
		9E28EDD21CC15BD60082A2D7 /* 6.jpg */ = {isa = PBXFileReference; lastKnownFileType = image.jpeg; path = 6.jpg; sourceTree = "<group>"; };
		9E28EDD31CC15BD60082A2D7 /* 7.jpg */ = {isa = PBXFileReference; lastKnownFileType = image.jpeg; path = 7.jpg; sourceTree = "<group>"; };
		9E28EDD41CC15BD60082A2D7 /* 8.jpg */ = {isa = PBXFileReference; lastKnownFileType = image.jpeg; path = 8.jpg; sourceTree = "<group>"; };
		9E28EDD51CC15BD60082A2D7 /* 9.jpg */ = {isa = PBXFileReference; lastKnownFileType = image.jpeg; path = 9.jpg; sourceTree = "<group>"; };
		9E28EDD61CC15BD60082A2D7 /* 10.jpg */ = {isa = PBXFileReference; lastKnownFileType = image.jpeg; path = 10.jpg; sourceTree = "<group>"; };
		9E28EDE11CC15C170082A2D7 /* ImagesTableViewController.h */ = {isa = PBXFileReference; fileEncoding = 4; lastKnownFileType = sourcecode.c.h; path = ImagesTableViewController.h; sourceTree = "<group>"; };
		9E28EDE21CC15C170082A2D7 /* ImagesTableViewController.m */ = {isa = PBXFileReference; fileEncoding = 4; lastKnownFileType = sourcecode.c.objc; path = ImagesTableViewController.m; sourceTree = "<group>"; };
		9E2E0A4A1CFD0C4D00BD8463 /* ComposeCommentView.h */ = {isa = PBXFileReference; fileEncoding = 4; lastKnownFileType = sourcecode.c.h; path = ComposeCommentView.h; sourceTree = "<group>"; };
		9E2E0A4B1CFD0C4D00BD8463 /* ComposeCommentView.m */ = {isa = PBXFileReference; fileEncoding = 4; lastKnownFileType = sourcecode.c.objc; path = ComposeCommentView.m; sourceTree = "<group>"; };
		9E31928A1D04CD640080795F /* CropBox.h */ = {isa = PBXFileReference; fileEncoding = 4; lastKnownFileType = sourcecode.c.h; path = CropBox.h; sourceTree = "<group>"; };
		9E31928B1D04CD640080795F /* CropBox.m */ = {isa = PBXFileReference; fileEncoding = 4; lastKnownFileType = sourcecode.c.objc; path = CropBox.m; sourceTree = "<group>"; };
		9E31928D1D04D5470080795F /* CropImageViewController.h */ = {isa = PBXFileReference; fileEncoding = 4; lastKnownFileType = sourcecode.c.h; path = CropImageViewController.h; sourceTree = "<group>"; };
		9E31928E1D04D5470080795F /* CropImageViewController.m */ = {isa = PBXFileReference; fileEncoding = 4; lastKnownFileType = sourcecode.c.objc; path = CropImageViewController.m; sourceTree = "<group>"; };
		9E3192901D04DBED0080795F /* ImageLibraryViewController.h */ = {isa = PBXFileReference; fileEncoding = 4; lastKnownFileType = sourcecode.c.h; path = ImageLibraryViewController.h; sourceTree = "<group>"; };
		9E3192911D04DBED0080795F /* ImageLibraryViewController.m */ = {isa = PBXFileReference; fileEncoding = 4; lastKnownFileType = sourcecode.c.objc; path = ImageLibraryViewController.m; sourceTree = "<group>"; };
		9E5E47311CFB9D3D0054FA74 /* CircleSpinnerView.h */ = {isa = PBXFileReference; fileEncoding = 4; lastKnownFileType = sourcecode.c.h; path = CircleSpinnerView.h; sourceTree = "<group>"; };
		9E5E47321CFB9D3D0054FA74 /* CircleSpinnerView.m */ = {isa = PBXFileReference; fileEncoding = 4; lastKnownFileType = sourcecode.c.objc; path = CircleSpinnerView.m; sourceTree = "<group>"; };
		9E5E47371CFBB2290054FA74 /* LikeButton.h */ = {isa = PBXFileReference; fileEncoding = 4; lastKnownFileType = sourcecode.c.h; path = LikeButton.h; sourceTree = "<group>"; };
		9E5E47381CFBB2290054FA74 /* LikeButton.m */ = {isa = PBXFileReference; fileEncoding = 4; lastKnownFileType = sourcecode.c.objc; path = LikeButton.m; sourceTree = "<group>"; };
		9E77228B1CF5F6D600075B42 /* MediaFullScreenViewController.h */ = {isa = PBXFileReference; fileEncoding = 4; lastKnownFileType = sourcecode.c.h; path = MediaFullScreenViewController.h; sourceTree = "<group>"; };
		9E77228C1CF5F6D600075B42 /* MediaFullScreenViewController.m */ = {isa = PBXFileReference; fileEncoding = 4; lastKnownFileType = sourcecode.c.objc; path = MediaFullScreenViewController.m; sourceTree = "<group>"; };
		9EBD68ED1CC2A0FE00176300 /* User.h */ = {isa = PBXFileReference; fileEncoding = 4; lastKnownFileType = sourcecode.c.h; path = User.h; sourceTree = "<group>"; };
		9EBD68EE1CC2A0FE00176300 /* User.m */ = {isa = PBXFileReference; fileEncoding = 4; lastKnownFileType = sourcecode.c.objc; path = User.m; sourceTree = "<group>"; };
		9EBD68F01CC2A1B600176300 /* Media.h */ = {isa = PBXFileReference; fileEncoding = 4; lastKnownFileType = sourcecode.c.h; path = Media.h; sourceTree = "<group>"; };
		9EBD68F11CC2A1B600176300 /* Media.m */ = {isa = PBXFileReference; fileEncoding = 4; lastKnownFileType = sourcecode.c.objc; path = Media.m; sourceTree = "<group>"; };
		9EBD68F31CC2A29D00176300 /* Comment.h */ = {isa = PBXFileReference; fileEncoding = 4; lastKnownFileType = sourcecode.c.h; path = Comment.h; sourceTree = "<group>"; };
		9EBD68F41CC2A29D00176300 /* Comment.m */ = {isa = PBXFileReference; fileEncoding = 4; lastKnownFileType = sourcecode.c.objc; path = Comment.m; sourceTree = "<group>"; };
		9EBD68F61CC2A34C00176300 /* DataSource.h */ = {isa = PBXFileReference; fileEncoding = 4; lastKnownFileType = sourcecode.c.h; path = DataSource.h; sourceTree = "<group>"; };
		9EBD68F71CC2A34C00176300 /* DataSource.m */ = {isa = PBXFileReference; fileEncoding = 4; lastKnownFileType = sourcecode.c.objc; path = DataSource.m; sourceTree = "<group>"; };
		9EBD68F91CC2DACC00176300 /* MediaTableViewCell.h */ = {isa = PBXFileReference; fileEncoding = 4; lastKnownFileType = sourcecode.c.h; path = MediaTableViewCell.h; sourceTree = "<group>"; };
		9EBD68FA1CC2DACC00176300 /* MediaTableViewCell.m */ = {isa = PBXFileReference; fileEncoding = 4; lastKnownFileType = sourcecode.c.objc; path = MediaTableViewCell.m; sourceTree = "<group>"; };
		9EC0D53E1CCA7CE800EADF9B /* LoginViewController.h */ = {isa = PBXFileReference; fileEncoding = 4; lastKnownFileType = sourcecode.c.h; path = LoginViewController.h; sourceTree = "<group>"; };
		9EC0D53F1CCA7CE800EADF9B /* LoginViewController.m */ = {isa = PBXFileReference; fileEncoding = 4; lastKnownFileType = sourcecode.c.objc; path = LoginViewController.m; sourceTree = "<group>"; };
		9EE953741CFFBAB9009F059B /* CameraViewController.h */ = {isa = PBXFileReference; fileEncoding = 4; lastKnownFileType = sourcecode.c.h; path = CameraViewController.h; sourceTree = "<group>"; };
		9EE953751CFFBAB9009F059B /* CameraViewController.m */ = {isa = PBXFileReference; fileEncoding = 4; lastKnownFileType = sourcecode.c.objc; path = CameraViewController.m; sourceTree = "<group>"; };
		9EE953771CFFBBBF009F059B /* AVFoundation.framework */ = {isa = PBXFileReference; lastKnownFileType = wrapper.framework; name = AVFoundation.framework; path = System/Library/Frameworks/AVFoundation.framework; sourceTree = SDKROOT; };
		9EEBB4CE1CFF55EC0005DE19 /* CameraToolbar.h */ = {isa = PBXFileReference; fileEncoding = 4; lastKnownFileType = sourcecode.c.h; path = CameraToolbar.h; sourceTree = "<group>"; };
		9EEBB4CF1CFF55EC0005DE19 /* CameraToolbar.m */ = {isa = PBXFileReference; fileEncoding = 4; lastKnownFileType = sourcecode.c.objc; path = CameraToolbar.m; sourceTree = "<group>"; };
		9EF28E701D00F49100495690 /* UIImage+ImageUtilities.h */ = {isa = PBXFileReference; fileEncoding = 4; lastKnownFileType = sourcecode.c.h; path = "UIImage+ImageUtilities.h"; sourceTree = "<group>"; };
		9EF28E711D00F49100495690 /* UIImage+ImageUtilities.m */ = {isa = PBXFileReference; fileEncoding = 4; lastKnownFileType = sourcecode.c.objc; path = "UIImage+ImageUtilities.m"; sourceTree = "<group>"; };
		A6F0228DBE4A69BFE7A270C0 /* libPods-Blocstagram.a */ = {isa = PBXFileReference; explicitFileType = archive.ar; includeInIndex = 0; path = "libPods-Blocstagram.a"; sourceTree = BUILT_PRODUCTS_DIR; };
		EBD55B13DB2A67D636AC7F3B /* Pods-Blocstagram.release.xcconfig */ = {isa = PBXFileReference; includeInIndex = 1; lastKnownFileType = text.xcconfig; name = "Pods-Blocstagram.release.xcconfig"; path = "Pods/Target Support Files/Pods-Blocstagram/Pods-Blocstagram.release.xcconfig"; sourceTree = "<group>"; };
/* End PBXFileReference section */

/* Begin PBXFrameworksBuildPhase section */
		9E28ED9A1CC15AE90082A2D7 /* Frameworks */ = {
			isa = PBXFrameworksBuildPhase;
			buildActionMask = 2147483647;
			files = (
				6860C8D4CD61C4FD8F2FFC20 /* libPods-Blocstagram.a in Frameworks */,
			);
			runOnlyForDeploymentPostprocessing = 0;
		};
/* End PBXFrameworksBuildPhase section */

/* Begin PBXGroup section */
		1213B3A393B845C539DB0E68 /* Frameworks */ = {
			isa = PBXGroup;
			children = (
				9EE953771CFFBBBF009F059B /* AVFoundation.framework */,
				A6F0228DBE4A69BFE7A270C0 /* libPods-Blocstagram.a */,
			);
			name = Frameworks;
			sourceTree = "<group>";
		};
		9E28ED941CC15AE90082A2D7 = {
			isa = PBXGroup;
			children = (
				9E28ED9F1CC15AE90082A2D7 /* Blocstagram */,
				9E28ED9E1CC15AE90082A2D7 /* Products */,
				CC6C1B7F048DA522B7D4CE20 /* Pods */,
				1213B3A393B845C539DB0E68 /* Frameworks */,
			);
			sourceTree = "<group>";
		};
		9E28ED9E1CC15AE90082A2D7 /* Products */ = {
			isa = PBXGroup;
			children = (
				9E28ED9D1CC15AE90082A2D7 /* Blocstagram.app */,
			);
			name = Products;
			sourceTree = "<group>";
		};
		9E28ED9F1CC15AE90082A2D7 /* Blocstagram */ = {
			isa = PBXGroup;
			children = (
				9E28EDB71CC15B970082A2D7 /* images */,
				9E28EDA31CC15AE90082A2D7 /* AppDelegate.h */,
				9E28EDA41CC15AE90082A2D7 /* AppDelegate.m */,
				9E28EDE11CC15C170082A2D7 /* ImagesTableViewController.h */,
				9E28EDE21CC15C170082A2D7 /* ImagesTableViewController.m */,
				9EBD68F91CC2DACC00176300 /* MediaTableViewCell.h */,
				9EBD68FA1CC2DACC00176300 /* MediaTableViewCell.m */,
				9EC0D53E1CCA7CE800EADF9B /* LoginViewController.h */,
				9EC0D53F1CCA7CE800EADF9B /* LoginViewController.m */,
				9E77228B1CF5F6D600075B42 /* MediaFullScreenViewController.h */,
				9E77228C1CF5F6D600075B42 /* MediaFullScreenViewController.m */,
				9E31928D1D04D5470080795F /* CropImageViewController.h */,
				9E31928E1D04D5470080795F /* CropImageViewController.m */,
				9E5E47311CFB9D3D0054FA74 /* CircleSpinnerView.h */,
				9E5E47321CFB9D3D0054FA74 /* CircleSpinnerView.m */,
				9E2E0A4A1CFD0C4D00BD8463 /* ComposeCommentView.h */,
				9E2E0A4B1CFD0C4D00BD8463 /* ComposeCommentView.m */,
				9EEBB4CE1CFF55EC0005DE19 /* CameraToolbar.h */,
				9EEBB4CF1CFF55EC0005DE19 /* CameraToolbar.m */,
				9EE953741CFFBAB9009F059B /* CameraViewController.h */,
				9EE953751CFFBAB9009F059B /* CameraViewController.m */,
				9E5E47371CFBB2290054FA74 /* LikeButton.h */,
				9E5E47381CFBB2290054FA74 /* LikeButton.m */,
				9EBD68ED1CC2A0FE00176300 /* User.h */,
				9EBD68EE1CC2A0FE00176300 /* User.m */,
				9EBD68F01CC2A1B600176300 /* Media.h */,
				9EBD68F11CC2A1B600176300 /* Media.m */,
				9EBD68F31CC2A29D00176300 /* Comment.h */,
				9EBD68F41CC2A29D00176300 /* Comment.m */,
				9EBD68F61CC2A34C00176300 /* DataSource.h */,
				9EBD68F71CC2A34C00176300 /* DataSource.m */,
				9EF28E701D00F49100495690 /* UIImage+ImageUtilities.h */,
				9EF28E711D00F49100495690 /* UIImage+ImageUtilities.m */,
				9E31928A1D04CD640080795F /* CropBox.h */,
				9E31928B1D04CD640080795F /* CropBox.m */,
				9E3192901D04DBED0080795F /* ImageLibraryViewController.h */,
				9E3192911D04DBED0080795F /* ImageLibraryViewController.m */,
				9E28EDAC1CC15AE90082A2D7 /* Assets.xcassets */,
				9E28EDAE1CC15AE90082A2D7 /* LaunchScreen.storyboard */,
				9E28EDB11CC15AE90082A2D7 /* Info.plist */,
				9E28EDA01CC15AE90082A2D7 /* Supporting Files */,
			);
			path = Blocstagram;
			sourceTree = "<group>";
		};
		9E28EDA01CC15AE90082A2D7 /* Supporting Files */ = {
			isa = PBXGroup;
			children = (
				9E28EDA11CC15AE90082A2D7 /* main.m */,
			);
			name = "Supporting Files";
			sourceTree = "<group>";
		};
		9E28EDB71CC15B970082A2D7 /* images */ = {
			isa = PBXGroup;
			children = (
				9E28EDCD1CC15BD60082A2D7 /* 1.jpg */,
				9E28EDCE1CC15BD60082A2D7 /* 2.jpg */,
				9E28EDCF1CC15BD60082A2D7 /* 3.JPG */,
				9E28EDD01CC15BD60082A2D7 /* 4.jpg */,
				9E28EDD11CC15BD60082A2D7 /* 5.jpg */,
				9E28EDD21CC15BD60082A2D7 /* 6.jpg */,
				9E28EDD31CC15BD60082A2D7 /* 7.jpg */,
				9E28EDD41CC15BD60082A2D7 /* 8.jpg */,
				9E28EDD51CC15BD60082A2D7 /* 9.jpg */,
				9E28EDD61CC15BD60082A2D7 /* 10.jpg */,
			);
			name = images;
			sourceTree = "<group>";
		};
		CC6C1B7F048DA522B7D4CE20 /* Pods */ = {
			isa = PBXGroup;
			children = (
				736E1EBCCF92FC9382A03378 /* Pods-Blocstagram.debug.xcconfig */,
				EBD55B13DB2A67D636AC7F3B /* Pods-Blocstagram.release.xcconfig */,
			);
			name = Pods;
			sourceTree = "<group>";
		};
/* End PBXGroup section */

/* Begin PBXNativeTarget section */
		9E28ED9C1CC15AE90082A2D7 /* Blocstagram */ = {
			isa = PBXNativeTarget;
			buildConfigurationList = 9E28EDB41CC15AE90082A2D7 /* Build configuration list for PBXNativeTarget "Blocstagram" */;
			buildPhases = (
				68602A848DCC676DB03A27D6 /* 📦 Check Pods Manifest.lock */,
				9E28ED991CC15AE90082A2D7 /* Sources */,
				9E28ED9A1CC15AE90082A2D7 /* Frameworks */,
				9E28ED9B1CC15AE90082A2D7 /* Resources */,
				11D43DCD4370FFCB9ED20F89 /* 📦 Embed Pods Frameworks */,
				A802CE06274FA3E450A7BF38 /* 📦 Copy Pods Resources */,
			);
			buildRules = (
			);
			dependencies = (
			);
			name = Blocstagram;
			productName = Blocstagram;
			productReference = 9E28ED9D1CC15AE90082A2D7 /* Blocstagram.app */;
			productType = "com.apple.product-type.application";
		};
/* End PBXNativeTarget section */

/* Begin PBXProject section */
		9E28ED951CC15AE90082A2D7 /* Project object */ = {
			isa = PBXProject;
			attributes = {
				LastUpgradeCheck = 0720;
				ORGANIZATIONNAME = Bloc;
				TargetAttributes = {
					9E28ED9C1CC15AE90082A2D7 = {
						CreatedOnToolsVersion = 7.2.1;
					};
				};
			};
			buildConfigurationList = 9E28ED981CC15AE90082A2D7 /* Build configuration list for PBXProject "Blocstagram" */;
			compatibilityVersion = "Xcode 3.2";
			developmentRegion = English;
			hasScannedForEncodings = 0;
			knownRegions = (
				en,
				Base,
			);
			mainGroup = 9E28ED941CC15AE90082A2D7;
			productRefGroup = 9E28ED9E1CC15AE90082A2D7 /* Products */;
			projectDirPath = "";
			projectRoot = "";
			targets = (
				9E28ED9C1CC15AE90082A2D7 /* Blocstagram */,
			);
		};
/* End PBXProject section */

/* Begin PBXResourcesBuildPhase section */
		9E28ED9B1CC15AE90082A2D7 /* Resources */ = {
			isa = PBXResourcesBuildPhase;
			buildActionMask = 2147483647;
			files = (
				9E28EDD71CC15BD60082A2D7 /* 1.jpg in Resources */,
				9E28EDB01CC15AE90082A2D7 /* LaunchScreen.storyboard in Resources */,
				9E28EDAD1CC15AE90082A2D7 /* Assets.xcassets in Resources */,
				9E28EDDF1CC15BD60082A2D7 /* 9.jpg in Resources */,
				9E28EDDC1CC15BD60082A2D7 /* 6.jpg in Resources */,
				9E28EDDA1CC15BD60082A2D7 /* 4.jpg in Resources */,
				9E28EDE01CC15BD60082A2D7 /* 10.jpg in Resources */,
				9E28EDDE1CC15BD60082A2D7 /* 8.jpg in Resources */,
				9E28EDD81CC15BD60082A2D7 /* 2.jpg in Resources */,
				9E28EDDD1CC15BD60082A2D7 /* 7.jpg in Resources */,
				9E28EDD91CC15BD60082A2D7 /* 3.JPG in Resources */,
				9E28EDDB1CC15BD60082A2D7 /* 5.jpg in Resources */,
			);
			runOnlyForDeploymentPostprocessing = 0;
		};
/* End PBXResourcesBuildPhase section */

/* Begin PBXShellScriptBuildPhase section */
		11D43DCD4370FFCB9ED20F89 /* 📦 Embed Pods Frameworks */ = {
			isa = PBXShellScriptBuildPhase;
			buildActionMask = 2147483647;
			files = (
			);
			inputPaths = (
			);
			name = "📦 Embed Pods Frameworks";
			outputPaths = (
			);
			runOnlyForDeploymentPostprocessing = 0;
			shellPath = /bin/sh;
			shellScript = "\"${SRCROOT}/Pods/Target Support Files/Pods-Blocstagram/Pods-Blocstagram-frameworks.sh\"\n";
			showEnvVarsInLog = 0;
		};
		68602A848DCC676DB03A27D6 /* 📦 Check Pods Manifest.lock */ = {
			isa = PBXShellScriptBuildPhase;
			buildActionMask = 2147483647;
			files = (
			);
			inputPaths = (
			);
			name = "📦 Check Pods Manifest.lock";
			outputPaths = (
			);
			runOnlyForDeploymentPostprocessing = 0;
			shellPath = /bin/sh;
			shellScript = "diff \"${PODS_ROOT}/../Podfile.lock\" \"${PODS_ROOT}/Manifest.lock\" > /dev/null\nif [[ $? != 0 ]] ; then\n    cat << EOM\nerror: The sandbox is not in sync with the Podfile.lock. Run 'pod install' or update your CocoaPods installation.\nEOM\n    exit 1\nfi\n";
			showEnvVarsInLog = 0;
		};
		A802CE06274FA3E450A7BF38 /* 📦 Copy Pods Resources */ = {
			isa = PBXShellScriptBuildPhase;
			buildActionMask = 2147483647;
			files = (
			);
			inputPaths = (
			);
			name = "📦 Copy Pods Resources";
			outputPaths = (
			);
			runOnlyForDeploymentPostprocessing = 0;
			shellPath = /bin/sh;
			shellScript = "\"${SRCROOT}/Pods/Target Support Files/Pods-Blocstagram/Pods-Blocstagram-resources.sh\"\n";
			showEnvVarsInLog = 0;
		};
/* End PBXShellScriptBuildPhase section */

/* Begin PBXSourcesBuildPhase section */
		9E28ED991CC15AE90082A2D7 /* Sources */ = {
			isa = PBXSourcesBuildPhase;
			buildActionMask = 2147483647;
			files = (
				9EE953761CFFBAB9009F059B /* CameraViewController.m in Sources */,
				9E77228D1CF5F6D600075B42 /* MediaFullScreenViewController.m in Sources */,
				9E5E47331CFB9D3D0054FA74 /* CircleSpinnerView.m in Sources */,
				9EBD68EF1CC2A0FE00176300 /* User.m in Sources */,
				9E3192921D04DBED0080795F /* ImageLibraryViewController.m in Sources */,
				9E31928C1D04CD640080795F /* CropBox.m in Sources */,
				9EBD68F51CC2A29D00176300 /* Comment.m in Sources */,
				9E31928F1D04D5470080795F /* CropImageViewController.m in Sources */,
				9EBD68FB1CC2DACC00176300 /* MediaTableViewCell.m in Sources */,
				9EBD68F21CC2A1B600176300 /* Media.m in Sources */,
				9EEBB4D01CFF55EC0005DE19 /* CameraToolbar.m in Sources */,
				9E28EDA51CC15AE90082A2D7 /* AppDelegate.m in Sources */,
				9EC0D5401CCA7CE800EADF9B /* LoginViewController.m in Sources */,
				9E5E47391CFBB2290054FA74 /* LikeButton.m in Sources */,
				9EBD68F81CC2A34C00176300 /* DataSource.m in Sources */,
				9E2E0A4C1CFD0C4D00BD8463 /* ComposeCommentView.m in Sources */,
				9E28EDA21CC15AE90082A2D7 /* main.m in Sources */,
				9EF28E721D00F49100495690 /* UIImage+ImageUtilities.m in Sources */,
				9E28EDE31CC15C170082A2D7 /* ImagesTableViewController.m in Sources */,
			);
			runOnlyForDeploymentPostprocessing = 0;
		};
/* End PBXSourcesBuildPhase section */

/* Begin PBXVariantGroup section */
		9E28EDAE1CC15AE90082A2D7 /* LaunchScreen.storyboard */ = {
			isa = PBXVariantGroup;
			children = (
				9E28EDAF1CC15AE90082A2D7 /* Base */,
			);
			name = LaunchScreen.storyboard;
			sourceTree = "<group>";
		};
/* End PBXVariantGroup section */

/* Begin XCBuildConfiguration section */
		9E28EDB21CC15AE90082A2D7 /* Debug */ = {
			isa = XCBuildConfiguration;
			buildSettings = {
				ALWAYS_SEARCH_USER_PATHS = NO;
				CLANG_CXX_LANGUAGE_STANDARD = "gnu++0x";
				CLANG_CXX_LIBRARY = "libc++";
				CLANG_ENABLE_MODULES = YES;
				CLANG_ENABLE_OBJC_ARC = YES;
				CLANG_WARN_BOOL_CONVERSION = YES;
				CLANG_WARN_CONSTANT_CONVERSION = YES;
				CLANG_WARN_DIRECT_OBJC_ISA_USAGE = YES_ERROR;
				CLANG_WARN_EMPTY_BODY = YES;
				CLANG_WARN_ENUM_CONVERSION = YES;
				CLANG_WARN_INT_CONVERSION = YES;
				CLANG_WARN_OBJC_ROOT_CLASS = YES_ERROR;
				CLANG_WARN_UNREACHABLE_CODE = YES;
				CLANG_WARN__DUPLICATE_METHOD_MATCH = YES;
				"CODE_SIGN_IDENTITY[sdk=iphoneos*]" = "iPhone Developer";
				COPY_PHASE_STRIP = NO;
				DEBUG_INFORMATION_FORMAT = dwarf;
				ENABLE_STRICT_OBJC_MSGSEND = YES;
				ENABLE_TESTABILITY = YES;
				GCC_C_LANGUAGE_STANDARD = gnu99;
				GCC_DYNAMIC_NO_PIC = NO;
				GCC_NO_COMMON_BLOCKS = YES;
				GCC_OPTIMIZATION_LEVEL = 0;
				GCC_PREPROCESSOR_DEFINITIONS = (
					"DEBUG=1",
					"$(inherited)",
				);
				GCC_WARN_64_TO_32_BIT_CONVERSION = YES;
				GCC_WARN_ABOUT_RETURN_TYPE = YES_ERROR;
				GCC_WARN_UNDECLARED_SELECTOR = YES;
				GCC_WARN_UNINITIALIZED_AUTOS = YES_AGGRESSIVE;
				GCC_WARN_UNUSED_FUNCTION = YES;
				GCC_WARN_UNUSED_VARIABLE = YES;
				IPHONEOS_DEPLOYMENT_TARGET = 9.2;
				MTL_ENABLE_DEBUG_INFO = YES;
				ONLY_ACTIVE_ARCH = YES;
				SDKROOT = iphoneos;
				TARGETED_DEVICE_FAMILY = "1,2";
			};
			name = Debug;
		};
		9E28EDB31CC15AE90082A2D7 /* Release */ = {
			isa = XCBuildConfiguration;
			buildSettings = {
				ALWAYS_SEARCH_USER_PATHS = NO;
				CLANG_CXX_LANGUAGE_STANDARD = "gnu++0x";
				CLANG_CXX_LIBRARY = "libc++";
				CLANG_ENABLE_MODULES = YES;
				CLANG_ENABLE_OBJC_ARC = YES;
				CLANG_WARN_BOOL_CONVERSION = YES;
				CLANG_WARN_CONSTANT_CONVERSION = YES;
				CLANG_WARN_DIRECT_OBJC_ISA_USAGE = YES_ERROR;
				CLANG_WARN_EMPTY_BODY = YES;
				CLANG_WARN_ENUM_CONVERSION = YES;
				CLANG_WARN_INT_CONVERSION = YES;
				CLANG_WARN_OBJC_ROOT_CLASS = YES_ERROR;
				CLANG_WARN_UNREACHABLE_CODE = YES;
				CLANG_WARN__DUPLICATE_METHOD_MATCH = YES;
				"CODE_SIGN_IDENTITY[sdk=iphoneos*]" = "iPhone Developer";
				COPY_PHASE_STRIP = NO;
				DEBUG_INFORMATION_FORMAT = "dwarf-with-dsym";
				ENABLE_NS_ASSERTIONS = NO;
				ENABLE_STRICT_OBJC_MSGSEND = YES;
				GCC_C_LANGUAGE_STANDARD = gnu99;
				GCC_NO_COMMON_BLOCKS = YES;
				GCC_WARN_64_TO_32_BIT_CONVERSION = YES;
				GCC_WARN_ABOUT_RETURN_TYPE = YES_ERROR;
				GCC_WARN_UNDECLARED_SELECTOR = YES;
				GCC_WARN_UNINITIALIZED_AUTOS = YES_AGGRESSIVE;
				GCC_WARN_UNUSED_FUNCTION = YES;
				GCC_WARN_UNUSED_VARIABLE = YES;
				IPHONEOS_DEPLOYMENT_TARGET = 9.2;
				MTL_ENABLE_DEBUG_INFO = NO;
				SDKROOT = iphoneos;
				TARGETED_DEVICE_FAMILY = "1,2";
				VALIDATE_PRODUCT = YES;
			};
			name = Release;
		};
		9E28EDB51CC15AE90082A2D7 /* Debug */ = {
			isa = XCBuildConfiguration;
			baseConfigurationReference = 736E1EBCCF92FC9382A03378 /* Pods-Blocstagram.debug.xcconfig */;
			buildSettings = {
				ASSETCATALOG_COMPILER_APPICON_NAME = AppIcon;
				INFOPLIST_FILE = Blocstagram/Info.plist;
				IPHONEOS_DEPLOYMENT_TARGET = 8.3;
				LD_RUNPATH_SEARCH_PATHS = "$(inherited) @executable_path/Frameworks";
				PRODUCT_BUNDLE_IDENTIFIER = com.Bloc.Blocstagram;
				PRODUCT_NAME = "$(TARGET_NAME)";
			};
			name = Debug;
		};
		9E28EDB61CC15AE90082A2D7 /* Release */ = {
			isa = XCBuildConfiguration;
			baseConfigurationReference = EBD55B13DB2A67D636AC7F3B /* Pods-Blocstagram.release.xcconfig */;
			buildSettings = {
				ASSETCATALOG_COMPILER_APPICON_NAME = AppIcon;
				INFOPLIST_FILE = Blocstagram/Info.plist;
				IPHONEOS_DEPLOYMENT_TARGET = 8.3;
				LD_RUNPATH_SEARCH_PATHS = "$(inherited) @executable_path/Frameworks";
				PRODUCT_BUNDLE_IDENTIFIER = com.Bloc.Blocstagram;
				PRODUCT_NAME = "$(TARGET_NAME)";
			};
			name = Release;
		};
/* End XCBuildConfiguration section */

/* Begin XCConfigurationList section */
		9E28ED981CC15AE90082A2D7 /* Build configuration list for PBXProject "Blocstagram" */ = {
			isa = XCConfigurationList;
			buildConfigurations = (
				9E28EDB21CC15AE90082A2D7 /* Debug */,
				9E28EDB31CC15AE90082A2D7 /* Release */,
			);
			defaultConfigurationIsVisible = 0;
			defaultConfigurationName = Release;
		};
		9E28EDB41CC15AE90082A2D7 /* Build configuration list for PBXNativeTarget "Blocstagram" */ = {
			isa = XCConfigurationList;
			buildConfigurations = (
				9E28EDB51CC15AE90082A2D7 /* Debug */,
				9E28EDB61CC15AE90082A2D7 /* Release */,
			);
			defaultConfigurationIsVisible = 0;
			defaultConfigurationName = Release;
		};
/* End XCConfigurationList section */
	};
	rootObject = 9E28ED951CC15AE90082A2D7 /* Project object */;
}
