// !$*UTF8*$!
{
	archiveVersion = 1;
	classes = {
	};
	objectVersion = 46;
	objects = {

/* Begin PBXBuildFile section */
		9E28EDA21CC15AE90082A2D7 /* main.m in Sources */ = {isa = PBXBuildFile; fileRef = 9E28EDA11CC15AE90082A2D7 /* main.m */; };
		9E28EDA51CC15AE90082A2D7 /* AppDelegate.m in Sources */ = {isa = PBXBuildFile; fileRef = 9E28EDA41CC15AE90082A2D7 /* AppDelegate.m */; };
		9E28EDAD1CC15AE90082A2D7 /* Assets.xcassets in Resources */ = {isa = PBXBuildFile; fileRef = 9E28EDAC1CC15AE90082A2D7 /* Assets.xcassets */; };
		9E28EDB01CC15AE90082A2D7 /* LaunchScreen.storyboard in Resources */ = {isa = PBXBuildFile; fileRef = 9E28EDAE1CC15AE90082A2D7 /* LaunchScreen.storyboard */; };
		9E28EDD71CC15BD60082A2D7 /* 1.jpg in Resources */ = {isa = PBXBuildFile; fileRef = 9E28EDCD1CC15BD60082A2D7 /* 1.jpg */; };
		9E28EDD81CC15BD60082A2D7 /* 2.jpg in Resources */ = {isa = PBXBuildFile; fileRef = 9E28EDCE1CC15BD60082A2D7 /* 2.jpg */; };
		9E28EDD91CC15BD60082A2D7 /* 3.JPG in Resources */ = {isa = PBXBuildFile; fileRef = 9E28EDCF1CC15BD60082A2D7 /* 3.JPG */; };
		9E28EDDA1CC15BD60082A2D7 /* 4.jpg in Resources */ = {isa = PBXBuildFile; fileRef = 9E28EDD01CC15BD60082A2D7 /* 4.jpg */; };
		9E28EDDB1CC15BD60082A2D7 /* 5.jpg in Resources */ = {isa = PBXBuildFile; fileRef = 9E28EDD11CC15BD60082A2D7 /* 5.jpg */; };
		9E28EDDC1CC15BD60082A2D7 /* 6.jpg in Resources */ = {isa = PBXBuildFile; fileRef = 9E28EDD21CC15BD60082A2D7 /* 6.jpg */; };
		9E28EDDD1CC15BD60082A2D7 /* 7.jpg in Resources */ = {isa = PBXBuildFile; fileRef = 9E28EDD31CC15BD60082A2D7 /* 7.jpg */; };
		9E28EDDE1CC15BD60082A2D7 /* 8.jpg in Resources */ = {isa = PBXBuildFile; fileRef = 9E28EDD41CC15BD60082A2D7 /* 8.jpg */; };
		9E28EDDF1CC15BD60082A2D7 /* 9.jpg in Resources */ = {isa = PBXBuildFile; fileRef = 9E28EDD51CC15BD60082A2D7 /* 9.jpg */; };
		9E28EDE01CC15BD60082A2D7 /* 10.jpg in Resources */ = {isa = PBXBuildFile; fileRef = 9E28EDD61CC15BD60082A2D7 /* 10.jpg */; };
		9E28EDE31CC15C170082A2D7 /* ImagesTableViewController.m in Sources */ = {isa = PBXBuildFile; fileRef = 9E28EDE21CC15C170082A2D7 /* ImagesTableViewController.m */; };
/* End PBXBuildFile section */

/* Begin PBXFileReference section */
		9E28ED9D1CC15AE90082A2D7 /* Blocstagram.app */ = {isa = PBXFileReference; explicitFileType = wrapper.application; includeInIndex = 0; path = Blocstagram.app; sourceTree = BUILT_PRODUCTS_DIR; };
		9E28EDA11CC15AE90082A2D7 /* main.m */ = {isa = PBXFileReference; lastKnownFileType = sourcecode.c.objc; path = main.m; sourceTree = "<group>"; };
		9E28EDA31CC15AE90082A2D7 /* AppDelegate.h */ = {isa = PBXFileReference; lastKnownFileType = sourcecode.c.h; path = AppDelegate.h; sourceTree = "<group>"; };
		9E28EDA41CC15AE90082A2D7 /* AppDelegate.m */ = {isa = PBXFileReference; lastKnownFileType = sourcecode.c.objc; path = AppDelegate.m; sourceTree = "<group>"; };
		9E28EDAC1CC15AE90082A2D7 /* Assets.xcassets */ = {isa = PBXFileReference; lastKnownFileType = folder.assetcatalog; path = Assets.xcassets; sourceTree = "<group>"; };
		9E28EDAF1CC15AE90082A2D7 /* Base */ = {isa = PBXFileReference; lastKnownFileType = file.storyboard; name = Base; path = Base.lproj/LaunchScreen.storyboard; sourceTree = "<group>"; };
		9E28EDB11CC15AE90082A2D7 /* Info.plist */ = {isa = PBXFileReference; lastKnownFileType = text.plist.xml; path = Info.plist; sourceTree = "<group>"; };
		9E28EDCD1CC15BD60082A2D7 /* 1.jpg */ = {isa = PBXFileReference; lastKnownFileType = image.jpeg; path = 1.jpg; sourceTree = "<group>"; };
		9E28EDCE1CC15BD60082A2D7 /* 2.jpg */ = {isa = PBXFileReference; lastKnownFileType = image.jpeg; path = 2.jpg; sourceTree = "<group>"; };
		9E28EDCF1CC15BD60082A2D7 /* 3.JPG */ = {isa = PBXFileReference; lastKnownFileType = image.jpeg; path = 3.JPG; sourceTree = "<group>"; };
		9E28EDD01CC15BD60082A2D7 /* 4.jpg */ = {isa = PBXFileReference; lastKnownFileType = image.jpeg; path = 4.jpg; sourceTree = "<group>"; };
		9E28EDD11CC15BD60082A2D7 /* 5.jpg */ = {isa = PBXFileReference; lastKnownFileType = image.jpeg; path = 5.jpg; sourceTree = "<group>"; };
		9E28EDD21CC15BD60082A2D7 /* 6.jpg */ = {isa = PBXFileReference; lastKnownFileType = image.jpeg; path = 6.jpg; sourceTree = "<group>"; };
		9E28EDD31CC15BD60082A2D7 /* 7.jpg */ = {isa = PBXFileReference; lastKnownFileType = image.jpeg; path = 7.jpg; sourceTree = "<group>"; };
		9E28EDD41CC15BD60082A2D7 /* 8.jpg */ = {isa = PBXFileReference; lastKnownFileType = image.jpeg; path = 8.jpg; sourceTree = "<group>"; };
		9E28EDD51CC15BD60082A2D7 /* 9.jpg */ = {isa = PBXFileReference; lastKnownFileType = image.jpeg; path = 9.jpg; sourceTree = "<group>"; };
		9E28EDD61CC15BD60082A2D7 /* 10.jpg */ = {isa = PBXFileReference; lastKnownFileType = image.jpeg; path = 10.jpg; sourceTree = "<group>"; };
		9E28EDE11CC15C170082A2D7 /* ImagesTableViewController.h */ = {isa = PBXFileReference; fileEncoding = 4; lastKnownFileType = sourcecode.c.h; path = ImagesTableViewController.h; sourceTree = "<group>"; };
		9E28EDE21CC15C170082A2D7 /* ImagesTableViewController.m */ = {isa = PBXFileReference; fileEncoding = 4; lastKnownFileType = sourcecode.c.objc; path = ImagesTableViewController.m; sourceTree = "<group>"; };
/* End PBXFileReference section */

/* Begin PBXFrameworksBuildPhase section */
		9E28ED9A1CC15AE90082A2D7 /* Frameworks */ = {
			isa = PBXFrameworksBuildPhase;
			buildActionMask = 2147483647;
			files = (
			);
			runOnlyForDeploymentPostprocessing = 0;
		};
/* End PBXFrameworksBuildPhase section */

/* Begin PBXGroup section */
		9E28ED941CC15AE90082A2D7 = {
			isa = PBXGroup;
			children = (
				9E28ED9F1CC15AE90082A2D7 /* Blocstagram */,
				9E28ED9E1CC15AE90082A2D7 /* Products */,
			);
			sourceTree = "<group>";
		};
		9E28ED9E1CC15AE90082A2D7 /* Products */ = {
			isa = PBXGroup;
			children = (
				9E28ED9D1CC15AE90082A2D7 /* Blocstagram.app */,
			);
			name = Products;
			sourceTree = "<group>";
		};
		9E28ED9F1CC15AE90082A2D7 /* Blocstagram */ = {
			isa = PBXGroup;
			children = (
				9E28EDB71CC15B970082A2D7 /* images */,
				9E28EDA31CC15AE90082A2D7 /* AppDelegate.h */,
				9E28EDA41CC15AE90082A2D7 /* AppDelegate.m */,
				9E28EDE11CC15C170082A2D7 /* ImagesTableViewController.h */,
				9E28EDE21CC15C170082A2D7 /* ImagesTableViewController.m */,
				9E28EDAC1CC15AE90082A2D7 /* Assets.xcassets */,
				9E28EDAE1CC15AE90082A2D7 /* LaunchScreen.storyboard */,
				9E28EDB11CC15AE90082A2D7 /* Info.plist */,
				9E28EDA01CC15AE90082A2D7 /* Supporting Files */,
			);
			path = Blocstagram;
			sourceTree = "<group>";
		};
		9E28EDA01CC15AE90082A2D7 /* Supporting Files */ = {
			isa = PBXGroup;
			children = (
				9E28EDA11CC15AE90082A2D7 /* main.m */,
			);
			name = "Supporting Files";
			sourceTree = "<group>";
		};
		9E28EDB71CC15B970082A2D7 /* images */ = {
			isa = PBXGroup;
			children = (
				9E28EDCD1CC15BD60082A2D7 /* 1.jpg */,
				9E28EDCE1CC15BD60082A2D7 /* 2.jpg */,
				9E28EDCF1CC15BD60082A2D7 /* 3.JPG */,
				9E28EDD01CC15BD60082A2D7 /* 4.jpg */,
				9E28EDD11CC15BD60082A2D7 /* 5.jpg */,
				9E28EDD21CC15BD60082A2D7 /* 6.jpg */,
				9E28EDD31CC15BD60082A2D7 /* 7.jpg */,
				9E28EDD41CC15BD60082A2D7 /* 8.jpg */,
				9E28EDD51CC15BD60082A2D7 /* 9.jpg */,
				9E28EDD61CC15BD60082A2D7 /* 10.jpg */,
			);
			name = images;
			sourceTree = "<group>";
		};
/* End PBXGroup section */

/* Begin PBXNativeTarget section */
		9E28ED9C1CC15AE90082A2D7 /* Blocstagram */ = {
			isa = PBXNativeTarget;
			buildConfigurationList = 9E28EDB41CC15AE90082A2D7 /* Build configuration list for PBXNativeTarget "Blocstagram" */;
			buildPhases = (
				9E28ED991CC15AE90082A2D7 /* Sources */,
				9E28ED9A1CC15AE90082A2D7 /* Frameworks */,
				9E28ED9B1CC15AE90082A2D7 /* Resources */,
			);
			buildRules = (
			);
			dependencies = (
			);
			name = Blocstagram;
			productName = Blocstagram;
			productReference = 9E28ED9D1CC15AE90082A2D7 /* Blocstagram.app */;
			productType = "com.apple.product-type.application";
		};
/* End PBXNativeTarget section */

/* Begin PBXProject section */
		9E28ED951CC15AE90082A2D7 /* Project object */ = {
			isa = PBXProject;
			attributes = {
				LastUpgradeCheck = 0720;
				ORGANIZATIONNAME = Bloc;
				TargetAttributes = {
					9E28ED9C1CC15AE90082A2D7 = {
						CreatedOnToolsVersion = 7.2.1;
					};
				};
			};
			buildConfigurationList = 9E28ED981CC15AE90082A2D7 /* Build configuration list for PBXProject "Blocstagram" */;
			compatibilityVersion = "Xcode 3.2";
			developmentRegion = English;
			hasScannedForEncodings = 0;
			knownRegions = (
				en,
				Base,
			);
			mainGroup = 9E28ED941CC15AE90082A2D7;
			productRefGroup = 9E28ED9E1CC15AE90082A2D7 /* Products */;
			projectDirPath = "";
			projectRoot = "";
			targets = (
				9E28ED9C1CC15AE90082A2D7 /* Blocstagram */,
			);
		};
/* End PBXProject section */

/* Begin PBXResourcesBuildPhase section */
		9E28ED9B1CC15AE90082A2D7 /* Resources */ = {
			isa = PBXResourcesBuildPhase;
			buildActionMask = 2147483647;
			files = (
				9E28EDD71CC15BD60082A2D7 /* 1.jpg in Resources */,
				9E28EDB01CC15AE90082A2D7 /* LaunchScreen.storyboard in Resources */,
				9E28EDAD1CC15AE90082A2D7 /* Assets.xcassets in Resources */,
				9E28EDDF1CC15BD60082A2D7 /* 9.jpg in Resources */,
				9E28EDDC1CC15BD60082A2D7 /* 6.jpg in Resources */,
				9E28EDDA1CC15BD60082A2D7 /* 4.jpg in Resources */,
				9E28EDE01CC15BD60082A2D7 /* 10.jpg in Resources */,
				9E28EDDE1CC15BD60082A2D7 /* 8.jpg in Resources */,
				9E28EDD81CC15BD60082A2D7 /* 2.jpg in Resources */,
				9E28EDDD1CC15BD60082A2D7 /* 7.jpg in Resources */,
				9E28EDD91CC15BD60082A2D7 /* 3.JPG in Resources */,
				9E28EDDB1CC15BD60082A2D7 /* 5.jpg in Resources */,
			);
			runOnlyForDeploymentPostprocessing = 0;
		};
/* End PBXResourcesBuildPhase section */

/* Begin PBXSourcesBuildPhase section */
		9E28ED991CC15AE90082A2D7 /* Sources */ = {
			isa = PBXSourcesBuildPhase;
			buildActionMask = 2147483647;
			files = (
				9E28EDA51CC15AE90082A2D7 /* AppDelegate.m in Sources */,
				9E28EDA21CC15AE90082A2D7 /* main.m in Sources */,
				9E28EDE31CC15C170082A2D7 /* ImagesTableViewController.m in Sources */,
			);
			runOnlyForDeploymentPostprocessing = 0;
		};
/* End PBXSourcesBuildPhase section */

/* Begin PBXVariantGroup section */
		9E28EDAE1CC15AE90082A2D7 /* LaunchScreen.storyboard */ = {
			isa = PBXVariantGroup;
			children = (
				9E28EDAF1CC15AE90082A2D7 /* Base */,
			);
			name = LaunchScreen.storyboard;
			sourceTree = "<group>";
		};
/* End PBXVariantGroup section */

/* Begin XCBuildConfiguration section */
		9E28EDB21CC15AE90082A2D7 /* Debug */ = {
			isa = XCBuildConfiguration;
			buildSettings = {
				ALWAYS_SEARCH_USER_PATHS = NO;
				CLANG_CXX_LANGUAGE_STANDARD = "gnu++0x";
				CLANG_CXX_LIBRARY = "libc++";
				CLANG_ENABLE_MODULES = YES;
				CLANG_ENABLE_OBJC_ARC = YES;
				CLANG_WARN_BOOL_CONVERSION = YES;
				CLANG_WARN_CONSTANT_CONVERSION = YES;
				CLANG_WARN_DIRECT_OBJC_ISA_USAGE = YES_ERROR;
				CLANG_WARN_EMPTY_BODY = YES;
				CLANG_WARN_ENUM_CONVERSION = YES;
				CLANG_WARN_INT_CONVERSION = YES;
				CLANG_WARN_OBJC_ROOT_CLASS = YES_ERROR;
				CLANG_WARN_UNREACHABLE_CODE = YES;
				CLANG_WARN__DUPLICATE_METHOD_MATCH = YES;
				"CODE_SIGN_IDENTITY[sdk=iphoneos*]" = "iPhone Developer";
				COPY_PHASE_STRIP = NO;
				DEBUG_INFORMATION_FORMAT = dwarf;
				ENABLE_STRICT_OBJC_MSGSEND = YES;
				ENABLE_TESTABILITY = YES;
				GCC_C_LANGUAGE_STANDARD = gnu99;
				GCC_DYNAMIC_NO_PIC = NO;
				GCC_NO_COMMON_BLOCKS = YES;
				GCC_OPTIMIZATION_LEVEL = 0;
				GCC_PREPROCESSOR_DEFINITIONS = (
					"DEBUG=1",
					"$(inherited)",
				);
				GCC_WARN_64_TO_32_BIT_CONVERSION = YES;
				GCC_WARN_ABOUT_RETURN_TYPE = YES_ERROR;
				GCC_WARN_UNDECLARED_SELECTOR = YES;
				GCC_WARN_UNINITIALIZED_AUTOS = YES_AGGRESSIVE;
				GCC_WARN_UNUSED_FUNCTION = YES;
				GCC_WARN_UNUSED_VARIABLE = YES;
				IPHONEOS_DEPLOYMENT_TARGET = 9.2;
				MTL_ENABLE_DEBUG_INFO = YES;
				ONLY_ACTIVE_ARCH = YES;
				SDKROOT = iphoneos;
				TARGETED_DEVICE_FAMILY = "1,2";
			};
			name = Debug;
		};
		9E28EDB31CC15AE90082A2D7 /* Release */ = {
			isa = XCBuildConfiguration;
			buildSettings = {
				ALWAYS_SEARCH_USER_PATHS = NO;
				CLANG_CXX_LANGUAGE_STANDARD = "gnu++0x";
				CLANG_CXX_LIBRARY = "libc++";
				CLANG_ENABLE_MODULES = YES;
				CLANG_ENABLE_OBJC_ARC = YES;
				CLANG_WARN_BOOL_CONVERSION = YES;
				CLANG_WARN_CONSTANT_CONVERSION = YES;
				CLANG_WARN_DIRECT_OBJC_ISA_USAGE = YES_ERROR;
				CLANG_WARN_EMPTY_BODY = YES;
				CLANG_WARN_ENUM_CONVERSION = YES;
				CLANG_WARN_INT_CONVERSION = YES;
				CLANG_WARN_OBJC_ROOT_CLASS = YES_ERROR;
				CLANG_WARN_UNREACHABLE_CODE = YES;
				CLANG_WARN__DUPLICATE_METHOD_MATCH = YES;
				"CODE_SIGN_IDENTITY[sdk=iphoneos*]" = "iPhone Developer";
				COPY_PHASE_STRIP = NO;
				DEBUG_INFORMATION_FORMAT = "dwarf-with-dsym";
				ENABLE_NS_ASSERTIONS = NO;
				ENABLE_STRICT_OBJC_MSGSEND = YES;
				GCC_C_LANGUAGE_STANDARD = gnu99;
				GCC_NO_COMMON_BLOCKS = YES;
				GCC_WARN_64_TO_32_BIT_CONVERSION = YES;
				GCC_WARN_ABOUT_RETURN_TYPE = YES_ERROR;
				GCC_WARN_UNDECLARED_SELECTOR = YES;
				GCC_WARN_UNINITIALIZED_AUTOS = YES_AGGRESSIVE;
				GCC_WARN_UNUSED_FUNCTION = YES;
				GCC_WARN_UNUSED_VARIABLE = YES;
				IPHONEOS_DEPLOYMENT_TARGET = 9.2;
				MTL_ENABLE_DEBUG_INFO = NO;
				SDKROOT = iphoneos;
				TARGETED_DEVICE_FAMILY = "1,2";
				VALIDATE_PRODUCT = YES;
			};
			name = Release;
		};
		9E28EDB51CC15AE90082A2D7 /* Debug */ = {
			isa = XCBuildConfiguration;
			buildSettings = {
				ASSETCATALOG_COMPILER_APPICON_NAME = AppIcon;
				INFOPLIST_FILE = Blocstagram/Info.plist;
				LD_RUNPATH_SEARCH_PATHS = "$(inherited) @executable_path/Frameworks";
				PRODUCT_BUNDLE_IDENTIFIER = com.Bloc.Blocstagram;
				PRODUCT_NAME = "$(TARGET_NAME)";
			};
			name = Debug;
		};
		9E28EDB61CC15AE90082A2D7 /* Release */ = {
			isa = XCBuildConfiguration;
			buildSettings = {
				ASSETCATALOG_COMPILER_APPICON_NAME = AppIcon;
				INFOPLIST_FILE = Blocstagram/Info.plist;
				LD_RUNPATH_SEARCH_PATHS = "$(inherited) @executable_path/Frameworks";
				PRODUCT_BUNDLE_IDENTIFIER = com.Bloc.Blocstagram;
				PRODUCT_NAME = "$(TARGET_NAME)";
			};
			name = Release;
		};
/* End XCBuildConfiguration section */

/* Begin XCConfigurationList section */
		9E28ED981CC15AE90082A2D7 /* Build configuration list for PBXProject "Blocstagram" */ = {
			isa = XCConfigurationList;
			buildConfigurations = (
				9E28EDB21CC15AE90082A2D7 /* Debug */,
				9E28EDB31CC15AE90082A2D7 /* Release */,
			);
			defaultConfigurationIsVisible = 0;
			defaultConfigurationName = Release;
		};
		9E28EDB41CC15AE90082A2D7 /* Build configuration list for PBXNativeTarget "Blocstagram" */ = {
			isa = XCConfigurationList;
			buildConfigurations = (
				9E28EDB51CC15AE90082A2D7 /* Debug */,
				9E28EDB61CC15AE90082A2D7 /* Release */,
			);
			defaultConfigurationIsVisible = 0;
		};
/* End XCConfigurationList section */
	};
	rootObject = 9E28ED951CC15AE90082A2D7 /* Project object */;
}
